// !$*UTF8*$!
{
	archiveVersion = 1;
	classes = {
	};
	objectVersion = 56;
	objects = {

/* Begin PBXBuildFile section */
		5F11DCB029A1420C0059917D /* AppDelegate.swift in Sources */ = {isa = PBXBuildFile; fileRef = 5F11DCAF29A1420C0059917D /* AppDelegate.swift */; };
		5F11DCB229A1420C0059917D /* SceneDelegate.swift in Sources */ = {isa = PBXBuildFile; fileRef = 5F11DCB129A1420C0059917D /* SceneDelegate.swift */; };
		5F11DCB429A1420C0059917D /* ViewController.swift in Sources */ = {isa = PBXBuildFile; fileRef = 5F11DCB329A1420C0059917D /* ViewController.swift */; };
		5F11DCB729A1420C0059917D /* Main.storyboard in Resources */ = {isa = PBXBuildFile; fileRef = 5F11DCB529A1420C0059917D /* Main.storyboard */; };
		5F11DCB929A1420D0059917D /* Assets.xcassets in Resources */ = {isa = PBXBuildFile; fileRef = 5F11DCB829A1420D0059917D /* Assets.xcassets */; };
		5F11DCBC29A1420D0059917D /* LaunchScreen.storyboard in Resources */ = {isa = PBXBuildFile; fileRef = 5F11DCBA29A1420D0059917D /* LaunchScreen.storyboard */; };
		5F11DCC729A1420E0059917D /* TaskTests.swift in Sources */ = {isa = PBXBuildFile; fileRef = 5F11DCC629A1420E0059917D /* TaskTests.swift */; };
		5F11DCD129A1420E0059917D /* TaskUITests.swift in Sources */ = {isa = PBXBuildFile; fileRef = 5F11DCD029A1420E0059917D /* TaskUITests.swift */; };
		5F11DCD329A1420E0059917D /* TaskUITestsLaunchTests.swift in Sources */ = {isa = PBXBuildFile; fileRef = 5F11DCD229A1420E0059917D /* TaskUITestsLaunchTests.swift */; };
		5F30E01E29A6787500972DF7 /* SignInViewController.swift in Sources */ = {isa = PBXBuildFile; fileRef = 5F30E01D29A6787500972DF7 /* SignInViewController.swift */; };
		5F30E02029A6789000972DF7 /* OtpViewController.swift in Sources */ = {isa = PBXBuildFile; fileRef = 5F30E01F29A6789000972DF7 /* OtpViewController.swift */; };
		5F30E02229A678A200972DF7 /* OtpConfirmViewController.swift in Sources */ = {isa = PBXBuildFile; fileRef = 5F30E02129A678A200972DF7 /* OtpConfirmViewController.swift */; };
		5F30E02429A678AE00972DF7 /* ProfileViewController.swift in Sources */ = {isa = PBXBuildFile; fileRef = 5F30E02329A678AE00972DF7 /* ProfileViewController.swift */; };
/* End PBXBuildFile section */

/* Begin PBXContainerItemProxy section */
		5F11DCC329A1420E0059917D /* PBXContainerItemProxy */ = {
			isa = PBXContainerItemProxy;
			containerPortal = 5F11DCA429A1420C0059917D /* Project object */;
			proxyType = 1;
			remoteGlobalIDString = 5F11DCAB29A1420C0059917D;
			remoteInfo = Task;
		};
		5F11DCCD29A1420E0059917D /* PBXContainerItemProxy */ = {
			isa = PBXContainerItemProxy;
			containerPortal = 5F11DCA429A1420C0059917D /* Project object */;
			proxyType = 1;
			remoteGlobalIDString = 5F11DCAB29A1420C0059917D;
			remoteInfo = Task;
		};
/* End PBXContainerItemProxy section */

/* Begin PBXFileReference section */
		5F11DCAC29A1420C0059917D /* Task.app */ = {isa = PBXFileReference; explicitFileType = wrapper.application; includeInIndex = 0; path = Task.app; sourceTree = BUILT_PRODUCTS_DIR; };
		5F11DCAF29A1420C0059917D /* AppDelegate.swift */ = {isa = PBXFileReference; lastKnownFileType = sourcecode.swift; path = AppDelegate.swift; sourceTree = "<group>"; };
		5F11DCB129A1420C0059917D /* SceneDelegate.swift */ = {isa = PBXFileReference; lastKnownFileType = sourcecode.swift; path = SceneDelegate.swift; sourceTree = "<group>"; };
		5F11DCB329A1420C0059917D /* ViewController.swift */ = {isa = PBXFileReference; lastKnownFileType = sourcecode.swift; path = ViewController.swift; sourceTree = "<group>"; };
		5F11DCB629A1420C0059917D /* Base */ = {isa = PBXFileReference; lastKnownFileType = file.storyboard; name = Base; path = Base.lproj/Main.storyboard; sourceTree = "<group>"; };
		5F11DCB829A1420D0059917D /* Assets.xcassets */ = {isa = PBXFileReference; lastKnownFileType = folder.assetcatalog; path = Assets.xcassets; sourceTree = "<group>"; };
		5F11DCBB29A1420D0059917D /* Base */ = {isa = PBXFileReference; lastKnownFileType = file.storyboard; name = Base; path = Base.lproj/LaunchScreen.storyboard; sourceTree = "<group>"; };
		5F11DCBD29A1420D0059917D /* Info.plist */ = {isa = PBXFileReference; lastKnownFileType = text.plist.xml; path = Info.plist; sourceTree = "<group>"; };
		5F11DCC229A1420E0059917D /* TaskTests.xctest */ = {isa = PBXFileReference; explicitFileType = wrapper.cfbundle; includeInIndex = 0; path = TaskTests.xctest; sourceTree = BUILT_PRODUCTS_DIR; };
		5F11DCC629A1420E0059917D /* TaskTests.swift */ = {isa = PBXFileReference; lastKnownFileType = sourcecode.swift; path = TaskTests.swift; sourceTree = "<group>"; };
		5F11DCCC29A1420E0059917D /* TaskUITests.xctest */ = {isa = PBXFileReference; explicitFileType = wrapper.cfbundle; includeInIndex = 0; path = TaskUITests.xctest; sourceTree = BUILT_PRODUCTS_DIR; };
		5F11DCD029A1420E0059917D /* TaskUITests.swift */ = {isa = PBXFileReference; lastKnownFileType = sourcecode.swift; path = TaskUITests.swift; sourceTree = "<group>"; };
		5F11DCD229A1420E0059917D /* TaskUITestsLaunchTests.swift */ = {isa = PBXFileReference; lastKnownFileType = sourcecode.swift; path = TaskUITestsLaunchTests.swift; sourceTree = "<group>"; };
		5F11DCE129A157990059917D /* Montserrat-VariableFont_wght.ttf */ = {isa = PBXFileReference; lastKnownFileType = file; path = "Montserrat-VariableFont_wght.ttf"; sourceTree = "<group>"; };
		5F11DCE229A157990059917D /* Montserrat-Italic-VariableFont_wght.ttf */ = {isa = PBXFileReference; lastKnownFileType = file; path = "Montserrat-Italic-VariableFont_wght.ttf"; sourceTree = "<group>"; };
		5F30E01D29A6787500972DF7 /* SignInViewController.swift */ = {isa = PBXFileReference; lastKnownFileType = sourcecode.swift; path = SignInViewController.swift; sourceTree = "<group>"; };
		5F30E01F29A6789000972DF7 /* OtpViewController.swift */ = {isa = PBXFileReference; lastKnownFileType = sourcecode.swift; path = OtpViewController.swift; sourceTree = "<group>"; };
		5F30E02129A678A200972DF7 /* OtpConfirmViewController.swift */ = {isa = PBXFileReference; lastKnownFileType = sourcecode.swift; path = OtpConfirmViewController.swift; sourceTree = "<group>"; };
		5F30E02329A678AE00972DF7 /* ProfileViewController.swift */ = {isa = PBXFileReference; lastKnownFileType = sourcecode.swift; path = ProfileViewController.swift; sourceTree = "<group>"; };
/* End PBXFileReference section */

/* Begin PBXFrameworksBuildPhase section */
		5F11DCA929A1420C0059917D /* Frameworks */ = {
			isa = PBXFrameworksBuildPhase;
			buildActionMask = 2147483647;
			files = (
			);
			runOnlyForDeploymentPostprocessing = 0;
		};
		5F11DCBF29A1420E0059917D /* Frameworks */ = {
			isa = PBXFrameworksBuildPhase;
			buildActionMask = 2147483647;
			files = (
			);
			runOnlyForDeploymentPostprocessing = 0;
		};
		5F11DCC929A1420E0059917D /* Frameworks */ = {
			isa = PBXFrameworksBuildPhase;
			buildActionMask = 2147483647;
			files = (
			);
			runOnlyForDeploymentPostprocessing = 0;
		};
/* End PBXFrameworksBuildPhase section */

/* Begin PBXGroup section */
		5F11DCA329A1420C0059917D = {
			isa = PBXGroup;
			children = (
				5F11DCAE29A1420C0059917D /* Task */,
				5F11DCC529A1420E0059917D /* TaskTests */,
				5F11DCCF29A1420E0059917D /* TaskUITests */,
				5F11DCAD29A1420C0059917D /* Products */,
			);
			sourceTree = "<group>";
		};
		5F11DCAD29A1420C0059917D /* Products */ = {
			isa = PBXGroup;
			children = (
				5F11DCAC29A1420C0059917D /* Task.app */,
				5F11DCC229A1420E0059917D /* TaskTests.xctest */,
				5F11DCCC29A1420E0059917D /* TaskUITests.xctest */,
			);
			name = Products;
			sourceTree = "<group>";
		};
		5F11DCAE29A1420C0059917D /* Task */ = {
			isa = PBXGroup;
			children = (
				5F11DCE229A157990059917D /* Montserrat-Italic-VariableFont_wght.ttf */,
				5F11DCE129A157990059917D /* Montserrat-VariableFont_wght.ttf */,
				5F11DCAF29A1420C0059917D /* AppDelegate.swift */,
				5F11DCB129A1420C0059917D /* SceneDelegate.swift */,
				5F30E01B29A6781900972DF7 /* Views */,
				5F30E01C29A6783600972DF7 /* Models */,
				5F30E01A29A6780A00972DF7 /* Controllers */,
				5F11DCB829A1420D0059917D /* Assets.xcassets */,
				5F11DCBA29A1420D0059917D /* LaunchScreen.storyboard */,
				5F11DCBD29A1420D0059917D /* Info.plist */,
			);
			path = Task;
			sourceTree = "<group>";
		};
		5F11DCC529A1420E0059917D /* TaskTests */ = {
			isa = PBXGroup;
			children = (
				5F11DCC629A1420E0059917D /* TaskTests.swift */,
			);
			path = TaskTests;
			sourceTree = "<group>";
		};
		5F11DCCF29A1420E0059917D /* TaskUITests */ = {
			isa = PBXGroup;
			children = (
				5F11DCD029A1420E0059917D /* TaskUITests.swift */,
				5F11DCD229A1420E0059917D /* TaskUITestsLaunchTests.swift */,
			);
			path = TaskUITests;
			sourceTree = "<group>";
		};
		5F30E01A29A6780A00972DF7 /* Controllers */ = {
			isa = PBXGroup;
			children = (
				5F11DCB329A1420C0059917D /* ViewController.swift */,
				5F30E01D29A6787500972DF7 /* SignInViewController.swift */,
				5F30E01F29A6789000972DF7 /* OtpViewController.swift */,
				5F30E02129A678A200972DF7 /* OtpConfirmViewController.swift */,
				5F30E02329A678AE00972DF7 /* ProfileViewController.swift */,
			);
			path = Controllers;
			sourceTree = "<group>";
		};
		5F30E01B29A6781900972DF7 /* Views */ = {
			isa = PBXGroup;
			children = (
				5F11DCB529A1420C0059917D /* Main.storyboard */,
			);
			path = Views;
			sourceTree = "<group>";
		};
		5F30E01C29A6783600972DF7 /* Models */ = {
			isa = PBXGroup;
			children = (
			);
			path = Models;
			sourceTree = "<group>";
		};
/* End PBXGroup section */

/* Begin PBXNativeTarget section */
		5F11DCAB29A1420C0059917D /* Task */ = {
			isa = PBXNativeTarget;
			buildConfigurationList = 5F11DCD629A1420E0059917D /* Build configuration list for PBXNativeTarget "Task" */;
			buildPhases = (
				5F11DCA829A1420C0059917D /* Sources */,
				5F11DCA929A1420C0059917D /* Frameworks */,
				5F11DCAA29A1420C0059917D /* Resources */,
			);
			buildRules = (
			);
			dependencies = (
			);
			name = Task;
			productName = Task;
			productReference = 5F11DCAC29A1420C0059917D /* Task.app */;
			productType = "com.apple.product-type.application";
		};
		5F11DCC129A1420E0059917D /* TaskTests */ = {
			isa = PBXNativeTarget;
			buildConfigurationList = 5F11DCD929A1420E0059917D /* Build configuration list for PBXNativeTarget "TaskTests" */;
			buildPhases = (
				5F11DCBE29A1420E0059917D /* Sources */,
				5F11DCBF29A1420E0059917D /* Frameworks */,
				5F11DCC029A1420E0059917D /* Resources */,
			);
			buildRules = (
			);
			dependencies = (
				5F11DCC429A1420E0059917D /* PBXTargetDependency */,
			);
			name = TaskTests;
			productName = TaskTests;
			productReference = 5F11DCC229A1420E0059917D /* TaskTests.xctest */;
			productType = "com.apple.product-type.bundle.unit-test";
		};
		5F11DCCB29A1420E0059917D /* TaskUITests */ = {
			isa = PBXNativeTarget;
			buildConfigurationList = 5F11DCDC29A1420E0059917D /* Build configuration list for PBXNativeTarget "TaskUITests" */;
			buildPhases = (
				5F11DCC829A1420E0059917D /* Sources */,
				5F11DCC929A1420E0059917D /* Frameworks */,
				5F11DCCA29A1420E0059917D /* Resources */,
			);
			buildRules = (
			);
			dependencies = (
				5F11DCCE29A1420E0059917D /* PBXTargetDependency */,
			);
			name = TaskUITests;
			productName = TaskUITests;
			productReference = 5F11DCCC29A1420E0059917D /* TaskUITests.xctest */;
			productType = "com.apple.product-type.bundle.ui-testing";
		};
/* End PBXNativeTarget section */

/* Begin PBXProject section */
		5F11DCA429A1420C0059917D /* Project object */ = {
			isa = PBXProject;
			attributes = {
				BuildIndependentTargetsInParallel = 1;
				LastSwiftUpdateCheck = 1420;
				LastUpgradeCheck = 1420;
				TargetAttributes = {
					5F11DCAB29A1420C0059917D = {
						CreatedOnToolsVersion = 14.2;
					};
					5F11DCC129A1420E0059917D = {
						CreatedOnToolsVersion = 14.2;
						TestTargetID = 5F11DCAB29A1420C0059917D;
					};
					5F11DCCB29A1420E0059917D = {
						CreatedOnToolsVersion = 14.2;
						TestTargetID = 5F11DCAB29A1420C0059917D;
					};
				};
			};
			buildConfigurationList = 5F11DCA729A1420C0059917D /* Build configuration list for PBXProject "Task" */;
			compatibilityVersion = "Xcode 14.0";
			developmentRegion = en;
			hasScannedForEncodings = 0;
			knownRegions = (
				en,
				Base,
			);
			mainGroup = 5F11DCA329A1420C0059917D;
			productRefGroup = 5F11DCAD29A1420C0059917D /* Products */;
			projectDirPath = "";
			projectRoot = "";
			targets = (
				5F11DCAB29A1420C0059917D /* Task */,
				5F11DCC129A1420E0059917D /* TaskTests */,
				5F11DCCB29A1420E0059917D /* TaskUITests */,
			);
		};
/* End PBXProject section */

/* Begin PBXResourcesBuildPhase section */
		5F11DCAA29A1420C0059917D /* Resources */ = {
			isa = PBXResourcesBuildPhase;
			buildActionMask = 2147483647;
			files = (
				5F11DCBC29A1420D0059917D /* LaunchScreen.storyboard in Resources */,
				5F11DCB929A1420D0059917D /* Assets.xcassets in Resources */,
				5F11DCB729A1420C0059917D /* Main.storyboard in Resources */,
			);
			runOnlyForDeploymentPostprocessing = 0;
		};
		5F11DCC029A1420E0059917D /* Resources */ = {
			isa = PBXResourcesBuildPhase;
			buildActionMask = 2147483647;
			files = (
			);
			runOnlyForDeploymentPostprocessing = 0;
		};
		5F11DCCA29A1420E0059917D /* Resources */ = {
			isa = PBXResourcesBuildPhase;
			buildActionMask = 2147483647;
			files = (
			);
			runOnlyForDeploymentPostprocessing = 0;
		};
/* End PBXResourcesBuildPhase section */

/* Begin PBXSourcesBuildPhase section */
		5F11DCA829A1420C0059917D /* Sources */ = {
			isa = PBXSourcesBuildPhase;
			buildActionMask = 2147483647;
			files = (
				5F30E02029A6789000972DF7 /* OtpViewController.swift in Sources */,
				5F30E01E29A6787500972DF7 /* SignInViewController.swift in Sources */,
				5F11DCB429A1420C0059917D /* ViewController.swift in Sources */,
				5F30E02229A678A200972DF7 /* OtpConfirmViewController.swift in Sources */,
				5F30E02429A678AE00972DF7 /* ProfileViewController.swift in Sources */,
				5F11DCB029A1420C0059917D /* AppDelegate.swift in Sources */,
				5F11DCB229A1420C0059917D /* SceneDelegate.swift in Sources */,
			);
			runOnlyForDeploymentPostprocessing = 0;
		};
		5F11DCBE29A1420E0059917D /* Sources */ = {
			isa = PBXSourcesBuildPhase;
			buildActionMask = 2147483647;
			files = (
				5F11DCC729A1420E0059917D /* TaskTests.swift in Sources */,
			);
			runOnlyForDeploymentPostprocessing = 0;
		};
		5F11DCC829A1420E0059917D /* Sources */ = {
			isa = PBXSourcesBuildPhase;
			buildActionMask = 2147483647;
			files = (
				5F11DCD129A1420E0059917D /* TaskUITests.swift in Sources */,
				5F11DCD329A1420E0059917D /* TaskUITestsLaunchTests.swift in Sources */,
			);
			runOnlyForDeploymentPostprocessing = 0;
		};
/* End PBXSourcesBuildPhase section */

/* Begin PBXTargetDependency section */
		5F11DCC429A1420E0059917D /* PBXTargetDependency */ = {
			isa = PBXTargetDependency;
			target = 5F11DCAB29A1420C0059917D /* Task */;
			targetProxy = 5F11DCC329A1420E0059917D /* PBXContainerItemProxy */;
		};
		5F11DCCE29A1420E0059917D /* PBXTargetDependency */ = {
			isa = PBXTargetDependency;
			target = 5F11DCAB29A1420C0059917D /* Task */;
			targetProxy = 5F11DCCD29A1420E0059917D /* PBXContainerItemProxy */;
		};
/* End PBXTargetDependency section */

/* Begin PBXVariantGroup section */
		5F11DCB529A1420C0059917D /* Main.storyboard */ = {
			isa = PBXVariantGroup;
			children = (
				5F11DCB629A1420C0059917D /* Base */,
			);
			name = Main.storyboard;
			sourceTree = "<group>";
		};
		5F11DCBA29A1420D0059917D /* LaunchScreen.storyboard */ = {
			isa = PBXVariantGroup;
			children = (
				5F11DCBB29A1420D0059917D /* Base */,
			);
			name = LaunchScreen.storyboard;
			sourceTree = "<group>";
		};
/* End PBXVariantGroup section */

/* Begin XCBuildConfiguration section */
		5F11DCD429A1420E0059917D /* Debug */ = {
			isa = XCBuildConfiguration;
			buildSettings = {
				ALWAYS_SEARCH_USER_PATHS = NO;
				CLANG_ANALYZER_NONNULL = YES;
				CLANG_ANALYZER_NUMBER_OBJECT_CONVERSION = YES_AGGRESSIVE;
				CLANG_CXX_LANGUAGE_STANDARD = "gnu++20";
				CLANG_ENABLE_MODULES = YES;
				CLANG_ENABLE_OBJC_ARC = YES;
				CLANG_ENABLE_OBJC_WEAK = YES;
				CLANG_WARN_BLOCK_CAPTURE_AUTORELEASING = YES;
				CLANG_WARN_BOOL_CONVERSION = YES;
				CLANG_WARN_COMMA = YES;
				CLANG_WARN_CONSTANT_CONVERSION = YES;
				CLANG_WARN_DEPRECATED_OBJC_IMPLEMENTATIONS = YES;
				CLANG_WARN_DIRECT_OBJC_ISA_USAGE = YES_ERROR;
				CLANG_WARN_DOCUMENTATION_COMMENTS = YES;
				CLANG_WARN_EMPTY_BODY = YES;
				CLANG_WARN_ENUM_CONVERSION = YES;
				CLANG_WARN_INFINITE_RECURSION = YES;
				CLANG_WARN_INT_CONVERSION = YES;
				CLANG_WARN_NON_LITERAL_NULL_CONVERSION = YES;
				CLANG_WARN_OBJC_IMPLICIT_RETAIN_SELF = YES;
				CLANG_WARN_OBJC_LITERAL_CONVERSION = YES;
				CLANG_WARN_OBJC_ROOT_CLASS = YES_ERROR;
				CLANG_WARN_QUOTED_INCLUDE_IN_FRAMEWORK_HEADER = YES;
				CLANG_WARN_RANGE_LOOP_ANALYSIS = YES;
				CLANG_WARN_STRICT_PROTOTYPES = YES;
				CLANG_WARN_SUSPICIOUS_MOVE = YES;
				CLANG_WARN_UNGUARDED_AVAILABILITY = YES_AGGRESSIVE;
				CLANG_WARN_UNREACHABLE_CODE = YES;
				CLANG_WARN__DUPLICATE_METHOD_MATCH = YES;
				COPY_PHASE_STRIP = NO;
				DEBUG_INFORMATION_FORMAT = dwarf;
				ENABLE_STRICT_OBJC_MSGSEND = YES;
				ENABLE_TESTABILITY = YES;
				GCC_C_LANGUAGE_STANDARD = gnu11;
				GCC_DYNAMIC_NO_PIC = NO;
				GCC_NO_COMMON_BLOCKS = YES;
				GCC_OPTIMIZATION_LEVEL = 0;
				GCC_PREPROCESSOR_DEFINITIONS = (
					"DEBUG=1",
					"$(inherited)",
				);
				GCC_WARN_64_TO_32_BIT_CONVERSION = YES;
				GCC_WARN_ABOUT_RETURN_TYPE = YES_ERROR;
				GCC_WARN_UNDECLARED_SELECTOR = YES;
				GCC_WARN_UNINITIALIZED_AUTOS = YES_AGGRESSIVE;
				GCC_WARN_UNUSED_FUNCTION = YES;
				GCC_WARN_UNUSED_VARIABLE = YES;
				IPHONEOS_DEPLOYMENT_TARGET = 16.2;
				MTL_ENABLE_DEBUG_INFO = INCLUDE_SOURCE;
				MTL_FAST_MATH = YES;
				ONLY_ACTIVE_ARCH = YES;
				SDKROOT = iphoneos;
				SWIFT_ACTIVE_COMPILATION_CONDITIONS = DEBUG;
				SWIFT_OPTIMIZATION_LEVEL = "-Onone";
			};
			name = Debug;
		};
		5F11DCD529A1420E0059917D /* Release */ = {
			isa = XCBuildConfiguration;
			buildSettings = {
				ALWAYS_SEARCH_USER_PATHS = NO;
				CLANG_ANALYZER_NONNULL = YES;
				CLANG_ANALYZER_NUMBER_OBJECT_CONVERSION = YES_AGGRESSIVE;
				CLANG_CXX_LANGUAGE_STANDARD = "gnu++20";
				CLANG_ENABLE_MODULES = YES;
				CLANG_ENABLE_OBJC_ARC = YES;
				CLANG_ENABLE_OBJC_WEAK = YES;
				CLANG_WARN_BLOCK_CAPTURE_AUTORELEASING = YES;
				CLANG_WARN_BOOL_CONVERSION = YES;
				CLANG_WARN_COMMA = YES;
				CLANG_WARN_CONSTANT_CONVERSION = YES;
				CLANG_WARN_DEPRECATED_OBJC_IMPLEMENTATIONS = YES;
				CLANG_WARN_DIRECT_OBJC_ISA_USAGE = YES_ERROR;
				CLANG_WARN_DOCUMENTATION_COMMENTS = YES;
				CLANG_WARN_EMPTY_BODY = YES;
				CLANG_WARN_ENUM_CONVERSION = YES;
				CLANG_WARN_INFINITE_RECURSION = YES;
				CLANG_WARN_INT_CONVERSION = YES;
				CLANG_WARN_NON_LITERAL_NULL_CONVERSION = YES;
				CLANG_WARN_OBJC_IMPLICIT_RETAIN_SELF = YES;
				CLANG_WARN_OBJC_LITERAL_CONVERSION = YES;
				CLANG_WARN_OBJC_ROOT_CLASS = YES_ERROR;
				CLANG_WARN_QUOTED_INCLUDE_IN_FRAMEWORK_HEADER = YES;
				CLANG_WARN_RANGE_LOOP_ANALYSIS = YES;
				CLANG_WARN_STRICT_PROTOTYPES = YES;
				CLANG_WARN_SUSPICIOUS_MOVE = YES;
				CLANG_WARN_UNGUARDED_AVAILABILITY = YES_AGGRESSIVE;
				CLANG_WARN_UNREACHABLE_CODE = YES;
				CLANG_WARN__DUPLICATE_METHOD_MATCH = YES;
				COPY_PHASE_STRIP = NO;
				DEBUG_INFORMATION_FORMAT = "dwarf-with-dsym";
				ENABLE_NS_ASSERTIONS = NO;
				ENABLE_STRICT_OBJC_MSGSEND = YES;
				GCC_C_LANGUAGE_STANDARD = gnu11;
				GCC_NO_COMMON_BLOCKS = YES;
				GCC_WARN_64_TO_32_BIT_CONVERSION = YES;
				GCC_WARN_ABOUT_RETURN_TYPE = YES_ERROR;
				GCC_WARN_UNDECLARED_SELECTOR = YES;
				GCC_WARN_UNINITIALIZED_AUTOS = YES_AGGRESSIVE;
				GCC_WARN_UNUSED_FUNCTION = YES;
				GCC_WARN_UNUSED_VARIABLE = YES;
				IPHONEOS_DEPLOYMENT_TARGET = 16.2;
				MTL_ENABLE_DEBUG_INFO = NO;
				MTL_FAST_MATH = YES;
				SDKROOT = iphoneos;
				SWIFT_COMPILATION_MODE = wholemodule;
				SWIFT_OPTIMIZATION_LEVEL = "-O";
				VALIDATE_PRODUCT = YES;
			};
			name = Release;
		};
		5F11DCD729A1420E0059917D /* Debug */ = {
			isa = XCBuildConfiguration;
			buildSettings = {
				ASSETCATALOG_COMPILER_APPICON_NAME = AppIcon;
				ASSETCATALOG_COMPILER_GLOBAL_ACCENT_COLOR_NAME = AccentColor;
				CODE_SIGN_STYLE = Automatic;
				CURRENT_PROJECT_VERSION = 1;
				DEVELOPMENT_TEAM = LJB7QUU7DW;
				GENERATE_INFOPLIST_FILE = YES;
				INFOPLIST_FILE = Task/Info.plist;
				INFOPLIST_KEY_UIApplicationSupportsIndirectInputEvents = YES;
				INFOPLIST_KEY_UILaunchStoryboardName = LaunchScreen;
				INFOPLIST_KEY_UIMainStoryboardFile = Main;
				INFOPLIST_KEY_UISupportedInterfaceOrientations_iPad = "UIInterfaceOrientationPortrait UIInterfaceOrientationPortraitUpsideDown UIInterfaceOrientationLandscapeLeft UIInterfaceOrientationLandscapeRight";
				INFOPLIST_KEY_UISupportedInterfaceOrientations_iPhone = "UIInterfaceOrientationPortrait UIInterfaceOrientationLandscapeLeft UIInterfaceOrientationLandscapeRight";
				LD_RUNPATH_SEARCH_PATHS = (
					"$(inherited)",
					"@executable_path/Frameworks",
				);
				MARKETING_VERSION = 1.0;
				PRODUCT_BUNDLE_IDENTIFIER = com.task.Task;
				PRODUCT_NAME = "$(TARGET_NAME)";
				SWIFT_EMIT_LOC_STRINGS = YES;
				SWIFT_VERSION = 5.0;
				TARGETED_DEVICE_FAMILY = "1,2";
			};
			name = Debug;
		};
		5F11DCD829A1420E0059917D /* Release */ = {
			isa = XCBuildConfiguration;
			buildSettings = {
				ASSETCATALOG_COMPILER_APPICON_NAME = AppIcon;
				ASSETCATALOG_COMPILER_GLOBAL_ACCENT_COLOR_NAME = AccentColor;
				CODE_SIGN_STYLE = Automatic;
				CURRENT_PROJECT_VERSION = 1;
				DEVELOPMENT_TEAM = LJB7QUU7DW;
				GENERATE_INFOPLIST_FILE = YES;
				INFOPLIST_FILE = Task/Info.plist;
				INFOPLIST_KEY_UIApplicationSupportsIndirectInputEvents = YES;
				INFOPLIST_KEY_UILaunchStoryboardName = LaunchScreen;
				INFOPLIST_KEY_UIMainStoryboardFile = Main;
				INFOPLIST_KEY_UISupportedInterfaceOrientations_iPad = "UIInterfaceOrientationPortrait UIInterfaceOrientationPortraitUpsideDown UIInterfaceOrientationLandscapeLeft UIInterfaceOrientationLandscapeRight";
				INFOPLIST_KEY_UISupportedInterfaceOrientations_iPhone = "UIInterfaceOrientationPortrait UIInterfaceOrientationLandscapeLeft UIInterfaceOrientationLandscapeRight";
				LD_RUNPATH_SEARCH_PATHS = (
					"$(inherited)",
					"@executable_path/Frameworks",
				);
				MARKETING_VERSION = 1.0;
				PRODUCT_BUNDLE_IDENTIFIER = com.task.Task;
				PRODUCT_NAME = "$(TARGET_NAME)";
				SWIFT_EMIT_LOC_STRINGS = YES;
				SWIFT_VERSION = 5.0;
				TARGETED_DEVICE_FAMILY = "1,2";
			};
			name = Release;
		};
		5F11DCDA29A1420E0059917D /* Debug */ = {
			isa = XCBuildConfiguration;
			buildSettings = {
				ALWAYS_EMBED_SWIFT_STANDARD_LIBRARIES = YES;
				BUNDLE_LOADER = "$(TEST_HOST)";
				CODE_SIGN_STYLE = Automatic;
				CURRENT_PROJECT_VERSION = 1;
				DEVELOPMENT_TEAM = LJB7QUU7DW;
				GENERATE_INFOPLIST_FILE = YES;
				IPHONEOS_DEPLOYMENT_TARGET = 16.2;
				MARKETING_VERSION = 1.0;
				PRODUCT_BUNDLE_IDENTIFIER = com.task.TaskTests;
				PRODUCT_NAME = "$(TARGET_NAME)";
				SWIFT_EMIT_LOC_STRINGS = NO;
				SWIFT_VERSION = 5.0;
				TARGETED_DEVICE_FAMILY = "1,2";
				TEST_HOST = "$(BUILT_PRODUCTS_DIR)/Task.app/$(BUNDLE_EXECUTABLE_FOLDER_PATH)/Task";
			};
			name = Debug;
		};
		5F11DCDB29A1420E0059917D /* Release */ = {
			isa = XCBuildConfiguration;
			buildSettings = {
				ALWAYS_EMBED_SWIFT_STANDARD_LIBRARIES = YES;
				BUNDLE_LOADER = "$(TEST_HOST)";
				CODE_SIGN_STYLE = Automatic;
				CURRENT_PROJECT_VERSION = 1;
				DEVELOPMENT_TEAM = LJB7QUU7DW;
				GENERATE_INFOPLIST_FILE = YES;
				IPHONEOS_DEPLOYMENT_TARGET = 16.2;
				MARKETING_VERSION = 1.0;
				PRODUCT_BUNDLE_IDENTIFIER = com.task.TaskTests;
				PRODUCT_NAME = "$(TARGET_NAME)";
				SWIFT_EMIT_LOC_STRINGS = NO;
				SWIFT_VERSION = 5.0;
				TARGETED_DEVICE_FAMILY = "1,2";
				TEST_HOST = "$(BUILT_PRODUCTS_DIR)/Task.app/$(BUNDLE_EXECUTABLE_FOLDER_PATH)/Task";
			};
			name = Release;
		};
		5F11DCDD29A1420E0059917D /* Debug */ = {
			isa = XCBuildConfiguration;
			buildSettings = {
				ALWAYS_EMBED_SWIFT_STANDARD_LIBRARIES = YES;
				CODE_SIGN_STYLE = Automatic;
				CURRENT_PROJECT_VERSION = 1;
				DEVELOPMENT_TEAM = LJB7QUU7DW;
				GENERATE_INFOPLIST_FILE = YES;
				MARKETING_VERSION = 1.0;
				PRODUCT_BUNDLE_IDENTIFIER = com.task.TaskUITests;
				PRODUCT_NAME = "$(TARGET_NAME)";
				SWIFT_EMIT_LOC_STRINGS = NO;
				SWIFT_VERSION = 5.0;
				TARGETED_DEVICE_FAMILY = "1,2";
				TEST_TARGET_NAME = Task;
			};
			name = Debug;
		};
		5F11DCDE29A1420E0059917D /* Release */ = {
			isa = XCBuildConfiguration;
			buildSettings = {
				ALWAYS_EMBED_SWIFT_STANDARD_LIBRARIES = YES;
				CODE_SIGN_STYLE = Automatic;
				CURRENT_PROJECT_VERSION = 1;
				DEVELOPMENT_TEAM = LJB7QUU7DW;
				GENERATE_INFOPLIST_FILE = YES;
				MARKETING_VERSION = 1.0;
				PRODUCT_BUNDLE_IDENTIFIER = com.task.TaskUITests;
				PRODUCT_NAME = "$(TARGET_NAME)";
				SWIFT_EMIT_LOC_STRINGS = NO;
				SWIFT_VERSION = 5.0;
				TARGETED_DEVICE_FAMILY = "1,2";
				TEST_TARGET_NAME = Task;
			};
			name = Release;
		};
/* End XCBuildConfiguration section */

/* Begin XCConfigurationList section */
		5F11DCA729A1420C0059917D /* Build configuration list for PBXProject "Task" */ = {
			isa = XCConfigurationList;
			buildConfigurations = (
				5F11DCD429A1420E0059917D /* Debug */,
				5F11DCD529A1420E0059917D /* Release */,
			);
			defaultConfigurationIsVisible = 0;
			defaultConfigurationName = Release;
		};
		5F11DCD629A1420E0059917D /* Build configuration list for PBXNativeTarget "Task" */ = {
			isa = XCConfigurationList;
			buildConfigurations = (
				5F11DCD729A1420E0059917D /* Debug */,
				5F11DCD829A1420E0059917D /* Release */,
			);
			defaultConfigurationIsVisible = 0;
			defaultConfigurationName = Release;
		};
		5F11DCD929A1420E0059917D /* Build configuration list for PBXNativeTarget "TaskTests" */ = {
			isa = XCConfigurationList;
			buildConfigurations = (
				5F11DCDA29A1420E0059917D /* Debug */,
				5F11DCDB29A1420E0059917D /* Release */,
			);
			defaultConfigurationIsVisible = 0;
			defaultConfigurationName = Release;
		};
		5F11DCDC29A1420E0059917D /* Build configuration list for PBXNativeTarget "TaskUITests" */ = {
			isa = XCConfigurationList;
			buildConfigurations = (
				5F11DCDD29A1420E0059917D /* Debug */,
				5F11DCDE29A1420E0059917D /* Release */,
			);
			defaultConfigurationIsVisible = 0;
			defaultConfigurationName = Release;
		};
/* End XCConfigurationList section */
	};
	rootObject = 5F11DCA429A1420C0059917D /* Project object */;
}
